
Microsoft Visual Studio Solution File, Format Version 12.00
# Visual Studio Version 17
VisualStudioVersion = 17.0.32014.148
MinimumVisualStudioVersion = 10.0.40219.1
Project("{2150E333-8FDC-42A3-9474-1A3956D46DE8}") = "Services", "Services", "{CA1F1E9E-ED9A-4C26-BF64-3409303FA2E2}"
EndProject
Project("{2150E333-8FDC-42A3-9474-1A3956D46DE8}") = "Catalog", "Catalog", "{5603EB5A-F189-4E8D-9611-F5E376F2156E}"
EndProject
Project("{FAE04EC0-301F-11D3-BF4B-00C04F79EFBC}") = "Catalog.API", "Services\Catalog\Catalog.API\Catalog.API.csproj", "{61E92809-EA6C-430C-BC60-0F353F5279BD}"
EndProject
Global
	GlobalSection(SolutionConfigurationPlatforms) = preSolution
		Debug|Any CPU = Debug|Any CPU
		Release|Any CPU = Release|Any CPU
	EndGlobalSection
	GlobalSection(ProjectConfigurationPlatforms) = postSolution
		{61E92809-EA6C-430C-BC60-0F353F5279BD}.Debug|Any CPU.ActiveCfg = Debug|Any CPU
		{61E92809-EA6C-430C-BC60-0F353F5279BD}.Debug|Any CPU.Build.0 = Debug|Any CPU
		{61E92809-EA6C-430C-BC60-0F353F5279BD}.Release|Any CPU.ActiveCfg = Release|Any CPU
		{61E92809-EA6C-430C-BC60-0F353F5279BD}.Release|Any CPU.Build.0 = Release|Any CPU
	EndGlobalSection
	GlobalSection(SolutionProperties) = preSolution
		HideSolutionNode = FALSE
	EndGlobalSection
	GlobalSection(NestedProjects) = preSolution
		{5603EB5A-F189-4E8D-9611-F5E376F2156E} = {CA1F1E9E-ED9A-4C26-BF64-3409303FA2E2}
		{61E92809-EA6C-430C-BC60-0F353F5279BD} = {5603EB5A-F189-4E8D-9611-F5E376F2156E}
	EndGlobalSection
	GlobalSection(ExtensibilityGlobals) = postSolution
		SolutionGuid = {DEE5A451-6261-47BB-B7FB-DB4757C877AC}
	EndGlobalSection
EndGlobal
