
Microsoft Visual Studio Solution File, Format Version 12.00
# Visual Studio Version 17
VisualStudioVersion = 17.0.32014.148
MinimumVisualStudioVersion = 10.0.40219.1
Project("{2150E333-8FDC-42A3-9474-1A3956D46DE8}") = "Services", "Services", "{CA1F1E9E-ED9A-4C26-BF64-3409303FA2E2}"
EndProject
Project("{2150E333-8FDC-42A3-9474-1A3956D46DE8}") = "Catalog", "Catalog", "{5603EB5A-F189-4E8D-9611-F5E376F2156E}"
EndProject
Project("{9A19103F-16F7-4668-BE54-9A1E7A4F7556}") = "Catalog.API", "Services\Catalog\Catalog.API\Catalog.API.csproj", "{61E92809-EA6C-430C-BC60-0F353F5279BD}"
EndProject
Project("{E53339B2-1760-4266-BCC7-CA923CBCF16C}") = "docker-compose", "docker-compose.dcproj", "{95E1BA36-BA66-47DF-AEF9-71F937C764A6}"
EndProject
Project("{2150E333-8FDC-42A3-9474-1A3956D46DE8}") = "Basket", "Basket", "{B6365E84-4B10-46A0-AEE6-B3A86B203347}"
EndProject
Project("{9A19103F-16F7-4668-BE54-9A1E7A4F7556}") = "Basket.API", "Services\Basket\Basket.API\Basket.API.csproj", "{282687F9-CCB9-4245-BA15-787E9CF6431B}"
EndProject
Project("{2150E333-8FDC-42A3-9474-1A3956D46DE8}") = "Discount", "Discount", "{7A6A850F-42A2-4579-B3CA-E2EC7B27E9B5}"
EndProject
Project("{FAE04EC0-301F-11D3-BF4B-00C04F79EFBC}") = "Discount.API", "Services\Discount\Discount.API\Discount.API.csproj", "{89DFFB46-1526-4B42-B49F-7564EF23E9BE}"
EndProject
Global
	GlobalSection(SolutionConfigurationPlatforms) = preSolution
		Debug|Any CPU = Debug|Any CPU
		Release|Any CPU = Release|Any CPU
	EndGlobalSection
	GlobalSection(ProjectConfigurationPlatforms) = postSolution
		{61E92809-EA6C-430C-BC60-0F353F5279BD}.Debug|Any CPU.ActiveCfg = Debug|Any CPU
		{61E92809-EA6C-430C-BC60-0F353F5279BD}.Debug|Any CPU.Build.0 = Debug|Any CPU
		{61E92809-EA6C-430C-BC60-0F353F5279BD}.Release|Any CPU.ActiveCfg = Release|Any CPU
		{61E92809-EA6C-430C-BC60-0F353F5279BD}.Release|Any CPU.Build.0 = Release|Any CPU
		{95E1BA36-BA66-47DF-AEF9-71F937C764A6}.Debug|Any CPU.ActiveCfg = Debug|Any CPU
		{95E1BA36-BA66-47DF-AEF9-71F937C764A6}.Debug|Any CPU.Build.0 = Debug|Any CPU
		{95E1BA36-BA66-47DF-AEF9-71F937C764A6}.Release|Any CPU.ActiveCfg = Release|Any CPU
		{95E1BA36-BA66-47DF-AEF9-71F937C764A6}.Release|Any CPU.Build.0 = Release|Any CPU
		{282687F9-CCB9-4245-BA15-787E9CF6431B}.Debug|Any CPU.ActiveCfg = Debug|Any CPU
		{282687F9-CCB9-4245-BA15-787E9CF6431B}.Debug|Any CPU.Build.0 = Debug|Any CPU
		{282687F9-CCB9-4245-BA15-787E9CF6431B}.Release|Any CPU.ActiveCfg = Release|Any CPU
		{282687F9-CCB9-4245-BA15-787E9CF6431B}.Release|Any CPU.Build.0 = Release|Any CPU
		{89DFFB46-1526-4B42-B49F-7564EF23E9BE}.Debug|Any CPU.ActiveCfg = Debug|Any CPU
		{89DFFB46-1526-4B42-B49F-7564EF23E9BE}.Debug|Any CPU.Build.0 = Debug|Any CPU
		{89DFFB46-1526-4B42-B49F-7564EF23E9BE}.Release|Any CPU.ActiveCfg = Release|Any CPU
		{89DFFB46-1526-4B42-B49F-7564EF23E9BE}.Release|Any CPU.Build.0 = Release|Any CPU
	EndGlobalSection
	GlobalSection(SolutionProperties) = preSolution
		HideSolutionNode = FALSE
	EndGlobalSection
	GlobalSection(NestedProjects) = preSolution
		{5603EB5A-F189-4E8D-9611-F5E376F2156E} = {CA1F1E9E-ED9A-4C26-BF64-3409303FA2E2}
		{61E92809-EA6C-430C-BC60-0F353F5279BD} = {5603EB5A-F189-4E8D-9611-F5E376F2156E}
		{B6365E84-4B10-46A0-AEE6-B3A86B203347} = {CA1F1E9E-ED9A-4C26-BF64-3409303FA2E2}
		{282687F9-CCB9-4245-BA15-787E9CF6431B} = {B6365E84-4B10-46A0-AEE6-B3A86B203347}
		{7A6A850F-42A2-4579-B3CA-E2EC7B27E9B5} = {CA1F1E9E-ED9A-4C26-BF64-3409303FA2E2}
		{89DFFB46-1526-4B42-B49F-7564EF23E9BE} = {7A6A850F-42A2-4579-B3CA-E2EC7B27E9B5}
	EndGlobalSection
	GlobalSection(ExtensibilityGlobals) = postSolution
		SolutionGuid = {DEE5A451-6261-47BB-B7FB-DB4757C877AC}
	EndGlobalSection
EndGlobal
